// !$*UTF8*$!
{
	archiveVersion = 1;
	classes = {
	};
	objectVersion = 77;
	objects = {

/* Begin PBXBuildFile section */
		0AF9ADB8CCAAAA2C5225A8D1 /* ShortcutSettingsTab.swift in Sources */ = {isa = PBXBuildFile; fileRef = BDBFC7E6D773F0FDE607D2F6 /* ShortcutSettingsTab.swift */; };
		0E378BB825D8B9921DD09D57 /* ExclusionSettingsTab.swift in Sources */ = {isa = PBXBuildFile; fileRef = 194AFBD5D66E30EE0E7AFCA3 /* ExclusionSettingsTab.swift */; };
		0FC98E865BF94DFF97D3B27D /* FileCardContent.swift in Sources */ = {isa = PBXBuildFile; fileRef = BA3FC51567AC6827C5BE99D2 /* FileCardContent.swift */; };
		17FFC97F10391C0FA102936E /* SettingsView.swift in Sources */ = {isa = PBXBuildFile; fileRef = 5B69D9F8A397457A4F52FC86 /* SettingsView.swift */; };
		2B10806F9BB621974DB18D5A /* PinboardEntry.swift in Sources */ = {isa = PBXBuildFile; fileRef = 0143A4BA13ED0D9E36A95CE7 /* PinboardEntry.swift */; };
		2F3EB93089BE5C738CCD3675 /* PasteClipApp.swift in Sources */ = {isa = PBXBuildFile; fileRef = 7385E39C972A3E4555ACF12C /* PasteClipApp.swift */; };
		378D6DE19B474535B789321D /* PasteService.swift in Sources */ = {isa = PBXBuildFile; fileRef = 7D1F0AD983747D8CA57DD4BE /* PasteService.swift */; };
		426353FAE643198F88D3C1F7 /* AppColorProvider.swift in Sources */ = {isa = PBXBuildFile; fileRef = 2E3C8F74ACFEA143FE005C30 /* AppColorProvider.swift */; };
		5A16FAA0B4BC2B5D3A0D9767 /* Assets.xcassets in Resources */ = {isa = PBXBuildFile; fileRef = C082E20B48499E87698153BD /* Assets.xcassets */; };
		5A7E9744C93B461366430921 /* SearchState.swift in Sources */ = {isa = PBXBuildFile; fileRef = 670FCB823E8598DD0E247937 /* SearchState.swift */; };
		5B58F29D1EC27C5F3A0B853D /* PinboardGridView.swift in Sources */ = {isa = PBXBuildFile; fileRef = 6C09921364B642AF6568910E /* PinboardGridView.swift */; };
		5B901FED748B2A2EF30A2C56 /* PasteClipPanel.swift in Sources */ = {isa = PBXBuildFile; fileRef = ACB5EB36521D2B6CBCE233E8 /* PasteClipPanel.swift */; };
		60F87ECB4627A71C4792B192 /* ContentType.swift in Sources */ = {isa = PBXBuildFile; fileRef = 7605BE51B9866095749C8B43 /* ContentType.swift */; };
		633241C4550210A005EAD7EA /* ImageCardContent.swift in Sources */ = {isa = PBXBuildFile; fileRef = E8C3AE0BF1D0B591D774BD86 /* ImageCardContent.swift */; };
		69B79068356104042F4672D0 /* NavigationBarView.swift in Sources */ = {isa = PBXBuildFile; fileRef = FA93E25385F3B0D7F5884FE0 /* NavigationBarView.swift */; };
		6C45BF546A735BB5BB8231C6 /* RelativeTimeFormatter.swift in Sources */ = {isa = PBXBuildFile; fileRef = F930A143F401889D9987DD6A /* RelativeTimeFormatter.swift */; };
		6D672DC3959833B486007D8A /* PrivacyInfo.xcprivacy in Resources */ = {isa = PBXBuildFile; fileRef = 5DF6B5C463F3F46CCCFA2901 /* PrivacyInfo.xcprivacy */; };
		711254B09B98847AED9CAA6A /* PreviewView.swift in Sources */ = {isa = PBXBuildFile; fileRef = 535AFECB549FECF6287EA98B /* PreviewView.swift */; };
		72259D38A1447747EBD1E011 /* GeneralSettingsTab.swift in Sources */ = {isa = PBXBuildFile; fileRef = DCDCE7AD9075C829DCDDBC61 /* GeneralSettingsTab.swift */; };
		82998563B2CB808578E33306 /* ClipboardItem.swift in Sources */ = {isa = PBXBuildFile; fileRef = A9F3A3F23AA7BF88DFB27E5B /* ClipboardItem.swift */; };
		89C9F1714AD301E1968A756B /* ExcludedApp.swift in Sources */ = {isa = PBXBuildFile; fileRef = 1639622A1DBED02984B77906 /* ExcludedApp.swift */; };
		8A596E3F1F5C9E10A8B33E45 /* TextCardContent.swift in Sources */ = {isa = PBXBuildFile; fileRef = 3F3D1787CBA6050E46CFE03A /* TextCardContent.swift */; };
		99D11ECEA681720FBCCFB268 /* PanelController.swift in Sources */ = {isa = PBXBuildFile; fileRef = 5393106704438045A1BBF25E /* PanelController.swift */; };
		9C2A64F7084E83FE97256F46 /* CardGridView.swift in Sources */ = {isa = PBXBuildFile; fileRef = B2BA34016F6519452103FB54 /* CardGridView.swift */; };
		9DCC8FDCA4E888A7B10D809D /* KeyboardShortcuts in Frameworks */ = {isa = PBXBuildFile; productRef = 30425356826753D128387736 /* KeyboardShortcuts */; };
		A531352CEE20AB97B60AF82F /* DesignTokens.swift in Sources */ = {isa = PBXBuildFile; fileRef = 68A201D90568C60CB74A54D7 /* DesignTokens.swift */; };
		ACD48AFAB5D6A5B0750F2949 /* TextHighlighter.swift in Sources */ = {isa = PBXBuildFile; fileRef = 42903AE30DB6122F2BD15879 /* TextHighlighter.swift */; };
		B9659B3224E2058188048B4B /* HotkeyManager.swift in Sources */ = {isa = PBXBuildFile; fileRef = 8BB7756603011DC2A4D827DA /* HotkeyManager.swift */; };
		BA6F443713B7C0868AC35AAA /* LinkCardContent.swift in Sources */ = {isa = PBXBuildFile; fileRef = 9E20733F86DF598A5D461DE7 /* LinkCardContent.swift */; };
		C1EA089BB437B13BFC1E66B1 /* AppState.swift in Sources */ = {isa = PBXBuildFile; fileRef = DC0EA2D6CAB0C76D02812127 /* AppState.swift */; };
		C43B5121D9451DA9A3D1D0E5 /* ClipboardMonitor.swift in Sources */ = {isa = PBXBuildFile; fileRef = EAC0A000A342DD31B1E27C23 /* ClipboardMonitor.swift */; };
		C9543DE028F9273B6ECF052C /* ClipboardCardView.swift in Sources */ = {isa = PBXBuildFile; fileRef = 09351968C6EED8362A9A196E /* ClipboardCardView.swift */; };
		CBA69DCF64F21C5608B26B61 /* AppearanceSettingsTab.swift in Sources */ = {isa = PBXBuildFile; fileRef = 8537D3D7F4765C8E7095A135 /* AppearanceSettingsTab.swift */; };
		D289CAA5CDEBCF15121DC694 /* ColorCardContent.swift in Sources */ = {isa = PBXBuildFile; fileRef = 428349660F77DDF0BB4A2EF3 /* ColorCardContent.swift */; };
		DAC6BD64B47F42D64E97DAA4 /* HistoryPanelView.swift in Sources */ = {isa = PBXBuildFile; fileRef = C96E38D2E1E929425AB90C73 /* HistoryPanelView.swift */; };
		DC2543EDBF24FBBA64148CBD /* VisualEffectBackground.swift in Sources */ = {isa = PBXBuildFile; fileRef = 2E8E6E33579C178792091E7E /* VisualEffectBackground.swift */; };
		DE73576B5380388BBF927497 /* ContentTypeClassifier.swift in Sources */ = {isa = PBXBuildFile; fileRef = 4B0F5C385AD1171F48046A14 /* ContentTypeClassifier.swift */; };
		E5BE62FA589E2A8B76D1BEBA /* AboutTab.swift in Sources */ = {isa = PBXBuildFile; fileRef = 57E04B91016DD6E9A47FF665 /* AboutTab.swift */; };
		ED87AE99B78898E71B7498FD /* MenuBarContentView.swift in Sources */ = {isa = PBXBuildFile; fileRef = 849BAD8273BFA99B8F44595D /* MenuBarContentView.swift */; };
		FBFC1249E969E5767CE8A4C1 /* Pinboard.swift in Sources */ = {isa = PBXBuildFile; fileRef = FFB5211680FDF637DAA738DF /* Pinboard.swift */; };
		FD47FFCC7E9740C4D7FA9F3E /* AppIconProvider.swift in Sources */ = {isa = PBXBuildFile; fileRef = E0ED401F5289760D4E836F14 /* AppIconProvider.swift */; };
/* End PBXBuildFile section */

/* Begin PBXFileReference section */
		0143A4BA13ED0D9E36A95CE7 /* PinboardEntry.swift */ = {isa = PBXFileReference; lastKnownFileType = sourcecode.swift; path = PinboardEntry.swift; sourceTree = "<group>"; };
		09351968C6EED8362A9A196E /* ClipboardCardView.swift */ = {isa = PBXFileReference; lastKnownFileType = sourcecode.swift; path = ClipboardCardView.swift; sourceTree = "<group>"; };
		1639622A1DBED02984B77906 /* ExcludedApp.swift */ = {isa = PBXFileReference; lastKnownFileType = sourcecode.swift; path = ExcludedApp.swift; sourceTree = "<group>"; };
		194AFBD5D66E30EE0E7AFCA3 /* ExclusionSettingsTab.swift */ = {isa = PBXFileReference; lastKnownFileType = sourcecode.swift; path = ExclusionSettingsTab.swift; sourceTree = "<group>"; };
		1AE47E55EF7AA336667AF395 /* Info.plist */ = {isa = PBXFileReference; lastKnownFileType = text.plist; path = Info.plist; sourceTree = "<group>"; };
		2E3C8F74ACFEA143FE005C30 /* AppColorProvider.swift */ = {isa = PBXFileReference; lastKnownFileType = sourcecode.swift; path = AppColorProvider.swift; sourceTree = "<group>"; };
		2E8E6E33579C178792091E7E /* VisualEffectBackground.swift */ = {isa = PBXFileReference; lastKnownFileType = sourcecode.swift; path = VisualEffectBackground.swift; sourceTree = "<group>"; };
		3F3D1787CBA6050E46CFE03A /* TextCardContent.swift */ = {isa = PBXFileReference; lastKnownFileType = sourcecode.swift; path = TextCardContent.swift; sourceTree = "<group>"; };
		428349660F77DDF0BB4A2EF3 /* ColorCardContent.swift */ = {isa = PBXFileReference; lastKnownFileType = sourcecode.swift; path = ColorCardContent.swift; sourceTree = "<group>"; };
		42903AE30DB6122F2BD15879 /* TextHighlighter.swift */ = {isa = PBXFileReference; lastKnownFileType = sourcecode.swift; path = TextHighlighter.swift; sourceTree = "<group>"; };
		4B0F5C385AD1171F48046A14 /* ContentTypeClassifier.swift */ = {isa = PBXFileReference; lastKnownFileType = sourcecode.swift; path = ContentTypeClassifier.swift; sourceTree = "<group>"; };
		535AFECB549FECF6287EA98B /* PreviewView.swift */ = {isa = PBXFileReference; lastKnownFileType = sourcecode.swift; path = PreviewView.swift; sourceTree = "<group>"; };
		5393106704438045A1BBF25E /* PanelController.swift */ = {isa = PBXFileReference; lastKnownFileType = sourcecode.swift; path = PanelController.swift; sourceTree = "<group>"; };
		57E04B91016DD6E9A47FF665 /* AboutTab.swift */ = {isa = PBXFileReference; lastKnownFileType = sourcecode.swift; path = AboutTab.swift; sourceTree = "<group>"; };
		5B69D9F8A397457A4F52FC86 /* SettingsView.swift */ = {isa = PBXFileReference; lastKnownFileType = sourcecode.swift; path = SettingsView.swift; sourceTree = "<group>"; };
		5DF6B5C463F3F46CCCFA2901 /* PrivacyInfo.xcprivacy */ = {isa = PBXFileReference; path = PrivacyInfo.xcprivacy; sourceTree = "<group>"; };
		670FCB823E8598DD0E247937 /* SearchState.swift */ = {isa = PBXFileReference; lastKnownFileType = sourcecode.swift; path = SearchState.swift; sourceTree = "<group>"; };
		68A201D90568C60CB74A54D7 /* DesignTokens.swift */ = {isa = PBXFileReference; lastKnownFileType = sourcecode.swift; path = DesignTokens.swift; sourceTree = "<group>"; };
		6C09921364B642AF6568910E /* PinboardGridView.swift */ = {isa = PBXFileReference; lastKnownFileType = sourcecode.swift; path = PinboardGridView.swift; sourceTree = "<group>"; };
		7385E39C972A3E4555ACF12C /* PasteClipApp.swift */ = {isa = PBXFileReference; lastKnownFileType = sourcecode.swift; path = PasteClipApp.swift; sourceTree = "<group>"; };
		7605BE51B9866095749C8B43 /* ContentType.swift */ = {isa = PBXFileReference; lastKnownFileType = sourcecode.swift; path = ContentType.swift; sourceTree = "<group>"; };
		7D1F0AD983747D8CA57DD4BE /* PasteService.swift */ = {isa = PBXFileReference; lastKnownFileType = sourcecode.swift; path = PasteService.swift; sourceTree = "<group>"; };
		7ED869FC08165DCECF48FC94 /* PasteClip.entitlements */ = {isa = PBXFileReference; lastKnownFileType = text.plist.entitlements; path = PasteClip.entitlements; sourceTree = "<group>"; };
		849BAD8273BFA99B8F44595D /* MenuBarContentView.swift */ = {isa = PBXFileReference; lastKnownFileType = sourcecode.swift; path = MenuBarContentView.swift; sourceTree = "<group>"; };
		8537D3D7F4765C8E7095A135 /* AppearanceSettingsTab.swift */ = {isa = PBXFileReference; lastKnownFileType = sourcecode.swift; path = AppearanceSettingsTab.swift; sourceTree = "<group>"; };
		8BB7756603011DC2A4D827DA /* HotkeyManager.swift */ = {isa = PBXFileReference; lastKnownFileType = sourcecode.swift; path = HotkeyManager.swift; sourceTree = "<group>"; };
		9E20733F86DF598A5D461DE7 /* LinkCardContent.swift */ = {isa = PBXFileReference; lastKnownFileType = sourcecode.swift; path = LinkCardContent.swift; sourceTree = "<group>"; };
		A9F3A3F23AA7BF88DFB27E5B /* ClipboardItem.swift */ = {isa = PBXFileReference; lastKnownFileType = sourcecode.swift; path = ClipboardItem.swift; sourceTree = "<group>"; };
		ACB5EB36521D2B6CBCE233E8 /* PasteClipPanel.swift */ = {isa = PBXFileReference; lastKnownFileType = sourcecode.swift; path = PasteClipPanel.swift; sourceTree = "<group>"; };
		B2BA34016F6519452103FB54 /* CardGridView.swift */ = {isa = PBXFileReference; lastKnownFileType = sourcecode.swift; path = CardGridView.swift; sourceTree = "<group>"; };
		BA3FC51567AC6827C5BE99D2 /* FileCardContent.swift */ = {isa = PBXFileReference; lastKnownFileType = sourcecode.swift; path = FileCardContent.swift; sourceTree = "<group>"; };
		BDBFC7E6D773F0FDE607D2F6 /* ShortcutSettingsTab.swift */ = {isa = PBXFileReference; lastKnownFileType = sourcecode.swift; path = ShortcutSettingsTab.swift; sourceTree = "<group>"; };
		C082E20B48499E87698153BD /* Assets.xcassets */ = {isa = PBXFileReference; lastKnownFileType = folder.assetcatalog; path = Assets.xcassets; sourceTree = "<group>"; };
		C96E38D2E1E929425AB90C73 /* HistoryPanelView.swift */ = {isa = PBXFileReference; lastKnownFileType = sourcecode.swift; path = HistoryPanelView.swift; sourceTree = "<group>"; };
		D183DEE84B5C0C7F3FED7C20 /* PasteClip.app */ = {isa = PBXFileReference; explicitFileType = wrapper.application; includeInIndex = 0; path = PasteClip.app; sourceTree = BUILT_PRODUCTS_DIR; };
		DC0EA2D6CAB0C76D02812127 /* AppState.swift */ = {isa = PBXFileReference; lastKnownFileType = sourcecode.swift; path = AppState.swift; sourceTree = "<group>"; };
		DCDCE7AD9075C829DCDDBC61 /* GeneralSettingsTab.swift */ = {isa = PBXFileReference; lastKnownFileType = sourcecode.swift; path = GeneralSettingsTab.swift; sourceTree = "<group>"; };
		E0ED401F5289760D4E836F14 /* AppIconProvider.swift */ = {isa = PBXFileReference; lastKnownFileType = sourcecode.swift; path = AppIconProvider.swift; sourceTree = "<group>"; };
		E8C3AE0BF1D0B591D774BD86 /* ImageCardContent.swift */ = {isa = PBXFileReference; lastKnownFileType = sourcecode.swift; path = ImageCardContent.swift; sourceTree = "<group>"; };
		EAC0A000A342DD31B1E27C23 /* ClipboardMonitor.swift */ = {isa = PBXFileReference; lastKnownFileType = sourcecode.swift; path = ClipboardMonitor.swift; sourceTree = "<group>"; };
		F930A143F401889D9987DD6A /* RelativeTimeFormatter.swift */ = {isa = PBXFileReference; lastKnownFileType = sourcecode.swift; path = RelativeTimeFormatter.swift; sourceTree = "<group>"; };
		FA93E25385F3B0D7F5884FE0 /* NavigationBarView.swift */ = {isa = PBXFileReference; lastKnownFileType = sourcecode.swift; path = NavigationBarView.swift; sourceTree = "<group>"; };
		FFB5211680FDF637DAA738DF /* Pinboard.swift */ = {isa = PBXFileReference; lastKnownFileType = sourcecode.swift; path = Pinboard.swift; sourceTree = "<group>"; };
/* End PBXFileReference section */

/* Begin PBXFrameworksBuildPhase section */
		3B0454A0227115934BDF56DE /* Frameworks */ = {
			isa = PBXFrameworksBuildPhase;
			buildActionMask = 2147483647;
			files = (
				9DCC8FDCA4E888A7B10D809D /* KeyboardShortcuts in Frameworks */,
			);
			runOnlyForDeploymentPostprocessing = 0;
		};
/* End PBXFrameworksBuildPhase section */

/* Begin PBXGroup section */
		0494D94B5E6C2CCFB00066EB /* Models */ = {
			isa = PBXGroup;
			children = (
				A9F3A3F23AA7BF88DFB27E5B /* ClipboardItem.swift */,
				7605BE51B9866095749C8B43 /* ContentType.swift */,
				1639622A1DBED02984B77906 /* ExcludedApp.swift */,
				FFB5211680FDF637DAA738DF /* Pinboard.swift */,
				0143A4BA13ED0D9E36A95CE7 /* PinboardEntry.swift */,
			);
			path = Models;
			sourceTree = "<group>";
		};
		1B974A7EE8B41008F7BAFC26 /* Services */ = {
			isa = PBXGroup;
			children = (
				EAC0A000A342DD31B1E27C23 /* ClipboardMonitor.swift */,
				4B0F5C385AD1171F48046A14 /* ContentTypeClassifier.swift */,
				8BB7756603011DC2A4D827DA /* HotkeyManager.swift */,
				7D1F0AD983747D8CA57DD4BE /* PasteService.swift */,
			);
			path = Services;
			sourceTree = "<group>";
		};
		217AFC9F1CF2C25F53D6D01B /* Resources */ = {
			isa = PBXGroup;
			children = (
				C082E20B48499E87698153BD /* Assets.xcassets */,
			);
			path = Resources;
			sourceTree = "<group>";
		};
		6ED6AB7FD422C2DDA36A6E29 /* Utilities */ = {
			isa = PBXGroup;
			children = (
				2E3C8F74ACFEA143FE005C30 /* AppColorProvider.swift */,
				E0ED401F5289760D4E836F14 /* AppIconProvider.swift */,
				68A201D90568C60CB74A54D7 /* DesignTokens.swift */,
				F930A143F401889D9987DD6A /* RelativeTimeFormatter.swift */,
				42903AE30DB6122F2BD15879 /* TextHighlighter.swift */,
			);
			path = Utilities;
			sourceTree = "<group>";
		};
		74EF42CB231B80F11800C6AF /* Settings */ = {
			isa = PBXGroup;
			children = (
				57E04B91016DD6E9A47FF665 /* AboutTab.swift */,
				8537D3D7F4765C8E7095A135 /* AppearanceSettingsTab.swift */,
				194AFBD5D66E30EE0E7AFCA3 /* ExclusionSettingsTab.swift */,
				DCDCE7AD9075C829DCDDBC61 /* GeneralSettingsTab.swift */,
				5B69D9F8A397457A4F52FC86 /* SettingsView.swift */,
				BDBFC7E6D773F0FDE607D2F6 /* ShortcutSettingsTab.swift */,
			);
			path = Settings;
			sourceTree = "<group>";
		};
		79414927D03392773CA03C50 /* Products */ = {
			isa = PBXGroup;
			children = (
				D183DEE84B5C0C7F3FED7C20 /* PasteClip.app */,
			);
			name = Products;
			sourceTree = "<group>";
		};
		A240EAA24B29995A291050FC /* CardContent */ = {
			isa = PBXGroup;
			children = (
				428349660F77DDF0BB4A2EF3 /* ColorCardContent.swift */,
				BA3FC51567AC6827C5BE99D2 /* FileCardContent.swift */,
				E8C3AE0BF1D0B591D774BD86 /* ImageCardContent.swift */,
				9E20733F86DF598A5D461DE7 /* LinkCardContent.swift */,
				3F3D1787CBA6050E46CFE03A /* TextCardContent.swift */,
			);
			path = CardContent;
			sourceTree = "<group>";
		};
		A6012B07495578076B1A5345 /* Views */ = {
			isa = PBXGroup;
			children = (
				B2BA34016F6519452103FB54 /* CardGridView.swift */,
				09351968C6EED8362A9A196E /* ClipboardCardView.swift */,
				C96E38D2E1E929425AB90C73 /* HistoryPanelView.swift */,
				849BAD8273BFA99B8F44595D /* MenuBarContentView.swift */,
				FA93E25385F3B0D7F5884FE0 /* NavigationBarView.swift */,
				6C09921364B642AF6568910E /* PinboardGridView.swift */,
				535AFECB549FECF6287EA98B /* PreviewView.swift */,
				A240EAA24B29995A291050FC /* CardContent */,
				74EF42CB231B80F11800C6AF /* Settings */,
			);
			path = Views;
			sourceTree = "<group>";
		};
		DDE375C97F8FD157B94931AB /* PasteClip */ = {
			isa = PBXGroup;
			children = (
				DC0EA2D6CAB0C76D02812127 /* AppState.swift */,
				1AE47E55EF7AA336667AF395 /* Info.plist */,
				7ED869FC08165DCECF48FC94 /* PasteClip.entitlements */,
				7385E39C972A3E4555ACF12C /* PasteClipApp.swift */,
				5DF6B5C463F3F46CCCFA2901 /* PrivacyInfo.xcprivacy */,
				670FCB823E8598DD0E247937 /* SearchState.swift */,
				0494D94B5E6C2CCFB00066EB /* Models */,
				E23348F03522607C35B4820E /* Panel */,
				217AFC9F1CF2C25F53D6D01B /* Resources */,
				1B974A7EE8B41008F7BAFC26 /* Services */,
				6ED6AB7FD422C2DDA36A6E29 /* Utilities */,
				A6012B07495578076B1A5345 /* Views */,
			);
			path = PasteClip;
			sourceTree = "<group>";
		};
		E23348F03522607C35B4820E /* Panel */ = {
			isa = PBXGroup;
			children = (
				5393106704438045A1BBF25E /* PanelController.swift */,
				ACB5EB36521D2B6CBCE233E8 /* PasteClipPanel.swift */,
				2E8E6E33579C178792091E7E /* VisualEffectBackground.swift */,
			);
			path = Panel;
			sourceTree = "<group>";
		};
		FBBCE76C0501409B4DF8C3C6 = {
			isa = PBXGroup;
			children = (
				DDE375C97F8FD157B94931AB /* PasteClip */,
				79414927D03392773CA03C50 /* Products */,
			);
			sourceTree = "<group>";
		};
/* End PBXGroup section */

/* Begin PBXNativeTarget section */
		2996BA8917DEF41E19B7E3F2 /* PasteClip */ = {
			isa = PBXNativeTarget;
			buildConfigurationList = 60F1B4821ECB2986DF0D0015 /* Build configuration list for PBXNativeTarget "PasteClip" */;
			buildPhases = (
				C838586DBDE47A6CFD1D3AEA /* Sources */,
				8370D60A5541C1016326774F /* Resources */,
				3B0454A0227115934BDF56DE /* Frameworks */,
			);
			buildRules = (
			);
			dependencies = (
			);
			name = PasteClip;
			packageProductDependencies = (
				30425356826753D128387736 /* KeyboardShortcuts */,
			);
			productName = PasteClip;
			productReference = D183DEE84B5C0C7F3FED7C20 /* PasteClip.app */;
			productType = "com.apple.product-type.application";
		};
/* End PBXNativeTarget section */

/* Begin PBXProject section */
		570F0D48385E09EEE873A3C2 /* Project object */ = {
			isa = PBXProject;
			attributes = {
				BuildIndependentTargetsInParallel = YES;
				LastUpgradeCheck = 1600;
			};
			buildConfigurationList = C3CB5348303139546D95D757 /* Build configuration list for PBXProject "PasteClip" */;
			compatibilityVersion = "Xcode 14.0";
			developmentRegion = en;
			hasScannedForEncodings = 0;
			knownRegions = (
				Base,
				en,
			);
			mainGroup = FBBCE76C0501409B4DF8C3C6;
			minimizedProjectReferenceProxies = 1;
			packageReferences = (
				113FBE83ECC77C8308147D1F /* XCRemoteSwiftPackageReference "KeyboardShortcuts" */,
			);
			preferredProjectObjectVersion = 77;
			projectDirPath = "";
			projectRoot = "";
			targets = (
				2996BA8917DEF41E19B7E3F2 /* PasteClip */,
			);
		};
/* End PBXProject section */

/* Begin PBXResourcesBuildPhase section */
		8370D60A5541C1016326774F /* Resources */ = {
			isa = PBXResourcesBuildPhase;
			buildActionMask = 2147483647;
			files = (
				5A16FAA0B4BC2B5D3A0D9767 /* Assets.xcassets in Resources */,
				6D672DC3959833B486007D8A /* PrivacyInfo.xcprivacy in Resources */,
			);
			runOnlyForDeploymentPostprocessing = 0;
		};
/* End PBXResourcesBuildPhase section */

/* Begin PBXSourcesBuildPhase section */
		C838586DBDE47A6CFD1D3AEA /* Sources */ = {
			isa = PBXSourcesBuildPhase;
			buildActionMask = 2147483647;
			files = (
				E5BE62FA589E2A8B76D1BEBA /* AboutTab.swift in Sources */,
				426353FAE643198F88D3C1F7 /* AppColorProvider.swift in Sources */,
				FD47FFCC7E9740C4D7FA9F3E /* AppIconProvider.swift in Sources */,
				C1EA089BB437B13BFC1E66B1 /* AppState.swift in Sources */,
				CBA69DCF64F21C5608B26B61 /* AppearanceSettingsTab.swift in Sources */,
				9C2A64F7084E83FE97256F46 /* CardGridView.swift in Sources */,
				C9543DE028F9273B6ECF052C /* ClipboardCardView.swift in Sources */,
				82998563B2CB808578E33306 /* ClipboardItem.swift in Sources */,
				C43B5121D9451DA9A3D1D0E5 /* ClipboardMonitor.swift in Sources */,
				D289CAA5CDEBCF15121DC694 /* ColorCardContent.swift in Sources */,
				60F87ECB4627A71C4792B192 /* ContentType.swift in Sources */,
				DE73576B5380388BBF927497 /* ContentTypeClassifier.swift in Sources */,
				A531352CEE20AB97B60AF82F /* DesignTokens.swift in Sources */,
				89C9F1714AD301E1968A756B /* ExcludedApp.swift in Sources */,
				0E378BB825D8B9921DD09D57 /* ExclusionSettingsTab.swift in Sources */,
				0FC98E865BF94DFF97D3B27D /* FileCardContent.swift in Sources */,
				72259D38A1447747EBD1E011 /* GeneralSettingsTab.swift in Sources */,
				DAC6BD64B47F42D64E97DAA4 /* HistoryPanelView.swift in Sources */,
				B9659B3224E2058188048B4B /* HotkeyManager.swift in Sources */,
				633241C4550210A005EAD7EA /* ImageCardContent.swift in Sources */,
				BA6F443713B7C0868AC35AAA /* LinkCardContent.swift in Sources */,
				ED87AE99B78898E71B7498FD /* MenuBarContentView.swift in Sources */,
				69B79068356104042F4672D0 /* NavigationBarView.swift in Sources */,
				99D11ECEA681720FBCCFB268 /* PanelController.swift in Sources */,
				2F3EB93089BE5C738CCD3675 /* PasteClipApp.swift in Sources */,
				5B901FED748B2A2EF30A2C56 /* PasteClipPanel.swift in Sources */,
				378D6DE19B474535B789321D /* PasteService.swift in Sources */,
				FBFC1249E969E5767CE8A4C1 /* Pinboard.swift in Sources */,
				2B10806F9BB621974DB18D5A /* PinboardEntry.swift in Sources */,
				5B58F29D1EC27C5F3A0B853D /* PinboardGridView.swift in Sources */,
				711254B09B98847AED9CAA6A /* PreviewView.swift in Sources */,
				6C45BF546A735BB5BB8231C6 /* RelativeTimeFormatter.swift in Sources */,
				5A7E9744C93B461366430921 /* SearchState.swift in Sources */,
				17FFC97F10391C0FA102936E /* SettingsView.swift in Sources */,
				0AF9ADB8CCAAAA2C5225A8D1 /* ShortcutSettingsTab.swift in Sources */,
				8A596E3F1F5C9E10A8B33E45 /* TextCardContent.swift in Sources */,
				ACD48AFAB5D6A5B0750F2949 /* TextHighlighter.swift in Sources */,
				DC2543EDBF24FBBA64148CBD /* VisualEffectBackground.swift in Sources */,
			);
			runOnlyForDeploymentPostprocessing = 0;
		};
/* End PBXSourcesBuildPhase section */

/* Begin XCBuildConfiguration section */
		6F7878CECE6C345A5B2C4945 /* Release */ = {
			isa = XCBuildConfiguration;
			buildSettings = {
				ASSETCATALOG_COMPILER_APPICON_NAME = AppIcon;
				CODE_SIGN_ENTITLEMENTS = PasteClip/PasteClip.entitlements;
				COMBINE_HIDPI_IMAGES = YES;
				ENABLE_HARDENED_RUNTIME = YES;
				GENERATE_INFOPLIST_FILE = NO;
				INFOPLIST_FILE = PasteClip/Info.plist;
				LD_RUNPATH_SEARCH_PATHS = (
					"$(inherited)",
					"@executable_path/../Frameworks",
				);
				PRODUCT_BUNDLE_IDENTIFIER = com.minsang.PasteClip;
				PRODUCT_NAME = PasteClip;
				SDKROOT = macosx;
				SWIFT_STRICT_CONCURRENCY = complete;
			};
			name = Release;
		};
		9FED0097B4B042A7E4BB1D86 /* Debug */ = {
			isa = XCBuildConfiguration;
			buildSettings = {
				ALWAYS_SEARCH_USER_PATHS = NO;
				CLANG_ANALYZER_NONNULL = YES;
				CLANG_ANALYZER_NUMBER_OBJECT_CONVERSION = YES_AGGRESSIVE;
				CLANG_CXX_LANGUAGE_STANDARD = "gnu++14";
				CLANG_CXX_LIBRARY = "libc++";
				CLANG_ENABLE_MODULES = YES;
				CLANG_ENABLE_OBJC_ARC = YES;
				CLANG_ENABLE_OBJC_WEAK = YES;
				CLANG_WARN_BLOCK_CAPTURE_AUTORELEASING = YES;
				CLANG_WARN_BOOL_CONVERSION = YES;
				CLANG_WARN_COMMA = YES;
				CLANG_WARN_CONSTANT_CONVERSION = YES;
				CLANG_WARN_DEPRECATED_OBJC_IMPLEMENTATIONS = YES;
				CLANG_WARN_DIRECT_OBJC_ISA_USAGE = YES_ERROR;
				CLANG_WARN_DOCUMENTATION_COMMENTS = YES;
				CLANG_WARN_EMPTY_BODY = YES;
				CLANG_WARN_ENUM_CONVERSION = YES;
				CLANG_WARN_INFINITE_RECURSION = YES;
				CLANG_WARN_INT_CONVERSION = YES;
				CLANG_WARN_NON_LITERAL_NULL_CONVERSION = YES;
				CLANG_WARN_OBJC_IMPLICIT_RETAIN_SELF = YES;
				CLANG_WARN_OBJC_LITERAL_CONVERSION = YES;
				CLANG_WARN_OBJC_ROOT_CLASS = YES_ERROR;
				CLANG_WARN_QUOTED_INCLUDE_IN_FRAMEWORK_HEADER = YES;
				CLANG_WARN_RANGE_LOOP_ANALYSIS = YES;
				CLANG_WARN_STRICT_PROTOTYPES = YES;
				CLANG_WARN_SUSPICIOUS_MOVE = YES;
				CLANG_WARN_UNGUARDED_AVAILABILITY = YES_AGGRESSIVE;
				CLANG_WARN_UNREACHABLE_CODE = YES;
				CLANG_WARN__DUPLICATE_METHOD_MATCH = YES;
				COPY_PHASE_STRIP = NO;
				DEBUG_INFORMATION_FORMAT = dwarf;
				ENABLE_STRICT_OBJC_MSGSEND = YES;
				ENABLE_TESTABILITY = YES;
				ENABLE_USER_SCRIPT_SANDBOXING = YES;
				GCC_C_LANGUAGE_STANDARD = gnu11;
				GCC_DYNAMIC_NO_PIC = NO;
				GCC_NO_COMMON_BLOCKS = YES;
				GCC_OPTIMIZATION_LEVEL = 0;
				GCC_PREPROCESSOR_DEFINITIONS = (
					"$(inherited)",
					"DEBUG=1",
				);
				GCC_WARN_64_TO_32_BIT_CONVERSION = YES;
				GCC_WARN_ABOUT_RETURN_TYPE = YES_ERROR;
				GCC_WARN_UNDECLARED_SELECTOR = YES;
				GCC_WARN_UNINITIALIZED_AUTOS = YES_AGGRESSIVE;
				GCC_WARN_UNUSED_FUNCTION = YES;
				GCC_WARN_UNUSED_VARIABLE = YES;
				MACOSX_DEPLOYMENT_TARGET = 15.0;
				MTL_ENABLE_DEBUG_INFO = INCLUDE_SOURCE;
				MTL_FAST_MATH = YES;
				ONLY_ACTIVE_ARCH = YES;
				PRODUCT_NAME = "$(TARGET_NAME)";
				SDKROOT = macosx;
				SWIFT_ACTIVE_COMPILATION_CONDITIONS = DEBUG;
				SWIFT_OPTIMIZATION_LEVEL = "-Onone";
				SWIFT_VERSION = 6.0;
			};
			name = Debug;
		};
		CD4511A5633FB475B76FE9BA /* Release */ = {
			isa = XCBuildConfiguration;
			buildSettings = {
				ALWAYS_SEARCH_USER_PATHS = NO;
				CLANG_ANALYZER_NONNULL = YES;
				CLANG_ANALYZER_NUMBER_OBJECT_CONVERSION = YES_AGGRESSIVE;
				CLANG_CXX_LANGUAGE_STANDARD = "gnu++14";
				CLANG_CXX_LIBRARY = "libc++";
				CLANG_ENABLE_MODULES = YES;
				CLANG_ENABLE_OBJC_ARC = YES;
				CLANG_ENABLE_OBJC_WEAK = YES;
				CLANG_WARN_BLOCK_CAPTURE_AUTORELEASING = YES;
				CLANG_WARN_BOOL_CONVERSION = YES;
				CLANG_WARN_COMMA = YES;
				CLANG_WARN_CONSTANT_CONVERSION = YES;
				CLANG_WARN_DEPRECATED_OBJC_IMPLEMENTATIONS = YES;
				CLANG_WARN_DIRECT_OBJC_ISA_USAGE = YES_ERROR;
				CLANG_WARN_DOCUMENTATION_COMMENTS = YES;
				CLANG_WARN_EMPTY_BODY = YES;
				CLANG_WARN_ENUM_CONVERSION = YES;
				CLANG_WARN_INFINITE_RECURSION = YES;
				CLANG_WARN_INT_CONVERSION = YES;
				CLANG_WARN_NON_LITERAL_NULL_CONVERSION = YES;
				CLANG_WARN_OBJC_IMPLICIT_RETAIN_SELF = YES;
				CLANG_WARN_OBJC_LITERAL_CONVERSION = YES;
				CLANG_WARN_OBJC_ROOT_CLASS = YES_ERROR;
				CLANG_WARN_QUOTED_INCLUDE_IN_FRAMEWORK_HEADER = YES;
				CLANG_WARN_RANGE_LOOP_ANALYSIS = YES;
				CLANG_WARN_STRICT_PROTOTYPES = YES;
				CLANG_WARN_SUSPICIOUS_MOVE = YES;
				CLANG_WARN_UNGUARDED_AVAILABILITY = YES_AGGRESSIVE;
				CLANG_WARN_UNREACHABLE_CODE = YES;
				CLANG_WARN__DUPLICATE_METHOD_MATCH = YES;
				COPY_PHASE_STRIP = NO;
				DEBUG_INFORMATION_FORMAT = "dwarf-with-dsym";
				ENABLE_NS_ASSERTIONS = NO;
				ENABLE_STRICT_OBJC_MSGSEND = YES;
				ENABLE_USER_SCRIPT_SANDBOXING = YES;
				GCC_C_LANGUAGE_STANDARD = gnu11;
				GCC_NO_COMMON_BLOCKS = YES;
				GCC_WARN_64_TO_32_BIT_CONVERSION = YES;
				GCC_WARN_ABOUT_RETURN_TYPE = YES_ERROR;
				GCC_WARN_UNDECLARED_SELECTOR = YES;
				GCC_WARN_UNINITIALIZED_AUTOS = YES_AGGRESSIVE;
				GCC_WARN_UNUSED_FUNCTION = YES;
				GCC_WARN_UNUSED_VARIABLE = YES;
				MACOSX_DEPLOYMENT_TARGET = 15.0;
				MTL_ENABLE_DEBUG_INFO = NO;
				MTL_FAST_MATH = YES;
				PRODUCT_NAME = "$(TARGET_NAME)";
				SDKROOT = macosx;
				SWIFT_COMPILATION_MODE = wholemodule;
				SWIFT_OPTIMIZATION_LEVEL = "-O";
				SWIFT_VERSION = 6.0;
			};
			name = Release;
		};
		D82C0A7D9E8FE7D5B9DF83F3 /* Debug */ = {
			isa = XCBuildConfiguration;
			buildSettings = {
				ASSETCATALOG_COMPILER_APPICON_NAME = AppIcon;
				CODE_SIGN_ENTITLEMENTS = PasteClip/PasteClip.entitlements;
				COMBINE_HIDPI_IMAGES = YES;
				ENABLE_HARDENED_RUNTIME = YES;
				GENERATE_INFOPLIST_FILE = NO;
				INFOPLIST_FILE = PasteClip/Info.plist;
				LD_RUNPATH_SEARCH_PATHS = (
					"$(inherited)",
					"@executable_path/../Frameworks",
				);
				PRODUCT_BUNDLE_IDENTIFIER = com.minsang.PasteClip;
				PRODUCT_NAME = PasteClip;
				SDKROOT = macosx;
				SWIFT_STRICT_CONCURRENCY = complete;
			};
			name = Debug;
		};
/* End XCBuildConfiguration section */

/* Begin XCConfigurationList section */
		60F1B4821ECB2986DF0D0015 /* Build configuration list for PBXNativeTarget "PasteClip" */ = {
			isa = XCConfigurationList;
			buildConfigurations = (
				D82C0A7D9E8FE7D5B9DF83F3 /* Debug */,
				6F7878CECE6C345A5B2C4945 /* Release */,
			);
			defaultConfigurationIsVisible = 0;
			defaultConfigurationName = Debug;
		};
		C3CB5348303139546D95D757 /* Build configuration list for PBXProject "PasteClip" */ = {
			isa = XCConfigurationList;
			buildConfigurations = (
				9FED0097B4B042A7E4BB1D86 /* Debug */,
				CD4511A5633FB475B76FE9BA /* Release */,
			);
			defaultConfigurationIsVisible = 0;
			defaultConfigurationName = Debug;
		};
/* End XCConfigurationList section */

/* Begin XCRemoteSwiftPackageReference section */
		113FBE83ECC77C8308147D1F /* XCRemoteSwiftPackageReference "KeyboardShortcuts" */ = {
			isa = XCRemoteSwiftPackageReference;
			repositoryURL = "https://github.com/sindresorhus/KeyboardShortcuts";
			requirement = {
				kind = upToNextMajorVersion;
				minimumVersion = 2.2.0;
			};
		};
/* End XCRemoteSwiftPackageReference section */

/* Begin XCSwiftPackageProductDependency section */
		30425356826753D128387736 /* KeyboardShortcuts */ = {
			isa = XCSwiftPackageProductDependency;
			package = 113FBE83ECC77C8308147D1F /* XCRemoteSwiftPackageReference "KeyboardShortcuts" */;
			productName = KeyboardShortcuts;
		};
/* End XCSwiftPackageProductDependency section */
	};
	rootObject = 570F0D48385E09EEE873A3C2 /* Project object */;
}
